// !$*UTF8*$!
{
	archiveVersion = 1;
	classes = {
	};
	objectVersion = 46;
	objects = {

/* Begin PBXBuildFile section */
		C3702AC81F74C0C900E9FBAB /* Mapbox.framework in Frameworks */ = {isa = PBXBuildFile; fileRef = C3702AC21F74C03700E9FBAB /* Mapbox.framework */; };
		C3702AC91F74C0C900E9FBAB /* Mapbox.framework in Embed Frameworks */ = {isa = PBXBuildFile; fileRef = C3702AC21F74C03700E9FBAB /* Mapbox.framework */; settings = {ATTRIBUTES = (CodeSignOnCopy, RemoveHeadersOnCopy, ); }; };
		C3702ACD1F74C7A600E9FBAB /* navioRasterV8.json in Resources */ = {isa = PBXBuildFile; fileRef = C3702ACC1F74C7A600E9FBAB /* navioRasterV8.json */; };
		C3C243D21F34A75C000A9CC8 /* AppDelegate.swift in Sources */ = {isa = PBXBuildFile; fileRef = C3C243D11F34A75C000A9CC8 /* AppDelegate.swift */; };
		C3C243D41F34A75C000A9CC8 /* MapViewController.swift in Sources */ = {isa = PBXBuildFile; fileRef = C3C243D31F34A75C000A9CC8 /* MapViewController.swift */; };
		C3C243D61F34A75C000A9CC8 /* SecondViewController.swift in Sources */ = {isa = PBXBuildFile; fileRef = C3C243D51F34A75C000A9CC8 /* SecondViewController.swift */; };
		C3C243D91F34A75C000A9CC8 /* Main.storyboard in Resources */ = {isa = PBXBuildFile; fileRef = C3C243D71F34A75C000A9CC8 /* Main.storyboard */; };
		C3C243DB1F34A75C000A9CC8 /* Assets.xcassets in Resources */ = {isa = PBXBuildFile; fileRef = C3C243DA1F34A75C000A9CC8 /* Assets.xcassets */; };
		C3C243DE1F34A75C000A9CC8 /* LaunchScreen.storyboard in Resources */ = {isa = PBXBuildFile; fileRef = C3C243DC1F34A75C000A9CC8 /* LaunchScreen.storyboard */; };
		C3C243E91F34A75C000A9CC8 /* NavioTests.swift in Sources */ = {isa = PBXBuildFile; fileRef = C3C243E81F34A75C000A9CC8 /* NavioTests.swift */; };
		C3C243F41F34A75C000A9CC8 /* NavioUITests.swift in Sources */ = {isa = PBXBuildFile; fileRef = C3C243F31F34A75C000A9CC8 /* NavioUITests.swift */; };
/* End PBXBuildFile section */

/* Begin PBXContainerItemProxy section */
		C3C243E51F34A75C000A9CC8 /* PBXContainerItemProxy */ = {
			isa = PBXContainerItemProxy;
			containerPortal = C3C243C61F34A75C000A9CC8 /* Project object */;
			proxyType = 1;
			remoteGlobalIDString = C3C243CD1F34A75C000A9CC8;
			remoteInfo = Navio;
		};
		C3C243F01F34A75C000A9CC8 /* PBXContainerItemProxy */ = {
			isa = PBXContainerItemProxy;
			containerPortal = C3C243C61F34A75C000A9CC8 /* Project object */;
			proxyType = 1;
			remoteGlobalIDString = C3C243CD1F34A75C000A9CC8;
			remoteInfo = Navio;
		};
/* End PBXContainerItemProxy section */

/* Begin PBXCopyFilesBuildPhase section */
		C3702ACA1F74C0C900E9FBAB /* Embed Frameworks */ = {
			isa = PBXCopyFilesBuildPhase;
			buildActionMask = 2147483647;
			dstPath = "";
			dstSubfolderSpec = 10;
			files = (
				C3702AC91F74C0C900E9FBAB /* Mapbox.framework in Embed Frameworks */,
			);
			name = "Embed Frameworks";
			runOnlyForDeploymentPostprocessing = 0;
		};
/* End PBXCopyFilesBuildPhase section */

/* Begin PBXFileReference section */
		C3702AC21F74C03700E9FBAB /* Mapbox.framework */ = {isa = PBXFileReference; lastKnownFileType = wrapper.framework; path = Mapbox.framework; sourceTree = "<group>"; };
		C3702ACC1F74C7A600E9FBAB /* navioRasterV8.json */ = {isa = PBXFileReference; fileEncoding = 4; lastKnownFileType = text.json; path = navioRasterV8.json; sourceTree = "<group>"; };
		C3C243CE1F34A75C000A9CC8 /* Navio.app */ = {isa = PBXFileReference; explicitFileType = wrapper.application; includeInIndex = 0; path = Navio.app; sourceTree = BUILT_PRODUCTS_DIR; };
		C3C243D11F34A75C000A9CC8 /* AppDelegate.swift */ = {isa = PBXFileReference; lastKnownFileType = sourcecode.swift; path = AppDelegate.swift; sourceTree = "<group>"; };
		C3C243D31F34A75C000A9CC8 /* MapViewController.swift */ = {isa = PBXFileReference; lastKnownFileType = sourcecode.swift; path = MapViewController.swift; sourceTree = "<group>"; };
		C3C243D51F34A75C000A9CC8 /* SecondViewController.swift */ = {isa = PBXFileReference; lastKnownFileType = sourcecode.swift; path = SecondViewController.swift; sourceTree = "<group>"; };
		C3C243D81F34A75C000A9CC8 /* Base */ = {isa = PBXFileReference; lastKnownFileType = file.storyboard; name = Base; path = Base.lproj/Main.storyboard; sourceTree = "<group>"; };
		C3C243DA1F34A75C000A9CC8 /* Assets.xcassets */ = {isa = PBXFileReference; lastKnownFileType = folder.assetcatalog; path = Assets.xcassets; sourceTree = "<group>"; };
		C3C243DD1F34A75C000A9CC8 /* Base */ = {isa = PBXFileReference; lastKnownFileType = file.storyboard; name = Base; path = Base.lproj/LaunchScreen.storyboard; sourceTree = "<group>"; };
		C3C243DF1F34A75C000A9CC8 /* Info.plist */ = {isa = PBXFileReference; lastKnownFileType = text.plist.xml; path = Info.plist; sourceTree = "<group>"; };
		C3C243E41F34A75C000A9CC8 /* NavioTests.xctest */ = {isa = PBXFileReference; explicitFileType = wrapper.cfbundle; includeInIndex = 0; path = NavioTests.xctest; sourceTree = BUILT_PRODUCTS_DIR; };
		C3C243E81F34A75C000A9CC8 /* NavioTests.swift */ = {isa = PBXFileReference; lastKnownFileType = sourcecode.swift; path = NavioTests.swift; sourceTree = "<group>"; };
		C3C243EA1F34A75C000A9CC8 /* Info.plist */ = {isa = PBXFileReference; lastKnownFileType = text.plist.xml; path = Info.plist; sourceTree = "<group>"; };
		C3C243EF1F34A75C000A9CC8 /* NavioUITests.xctest */ = {isa = PBXFileReference; explicitFileType = wrapper.cfbundle; includeInIndex = 0; path = NavioUITests.xctest; sourceTree = BUILT_PRODUCTS_DIR; };
		C3C243F31F34A75C000A9CC8 /* NavioUITests.swift */ = {isa = PBXFileReference; lastKnownFileType = sourcecode.swift; path = NavioUITests.swift; sourceTree = "<group>"; };
		C3C243F51F34A75C000A9CC8 /* Info.plist */ = {isa = PBXFileReference; lastKnownFileType = text.plist.xml; path = Info.plist; sourceTree = "<group>"; };
/* End PBXFileReference section */

/* Begin PBXFrameworksBuildPhase section */
		C3C243CB1F34A75C000A9CC8 /* Frameworks */ = {
			isa = PBXFrameworksBuildPhase;
			buildActionMask = 2147483647;
			files = (
				C3702AC81F74C0C900E9FBAB /* Mapbox.framework in Frameworks */,
			);
			runOnlyForDeploymentPostprocessing = 0;
		};
		C3C243E11F34A75C000A9CC8 /* Frameworks */ = {
			isa = PBXFrameworksBuildPhase;
			buildActionMask = 2147483647;
			files = (
			);
			runOnlyForDeploymentPostprocessing = 0;
		};
		C3C243EC1F34A75C000A9CC8 /* Frameworks */ = {
			isa = PBXFrameworksBuildPhase;
			buildActionMask = 2147483647;
			files = (
			);
			runOnlyForDeploymentPostprocessing = 0;
		};
/* End PBXFrameworksBuildPhase section */

/* Begin PBXGroup section */
		C3C243C51F34A75C000A9CC8 = {
			isa = PBXGroup;
			children = (
				C3C243D01F34A75C000A9CC8 /* Navio */,
				C3C243E71F34A75C000A9CC8 /* NavioTests */,
				C3C243F21F34A75C000A9CC8 /* NavioUITests */,
				C3C243CF1F34A75C000A9CC8 /* Products */,
				C3C244011F34A901000A9CC8 /* Frameworks */,
			);
			sourceTree = "<group>";
		};
		C3C243CF1F34A75C000A9CC8 /* Products */ = {
			isa = PBXGroup;
			children = (
				C3C243CE1F34A75C000A9CC8 /* Navio.app */,
				C3C243E41F34A75C000A9CC8 /* NavioTests.xctest */,
				C3C243EF1F34A75C000A9CC8 /* NavioUITests.xctest */,
			);
			name = Products;
			sourceTree = "<group>";
		};
		C3C243D01F34A75C000A9CC8 /* Navio */ = {
			isa = PBXGroup;
			children = (
				C3702ACC1F74C7A600E9FBAB /* navioRasterV8.json */,
				C3C243D11F34A75C000A9CC8 /* AppDelegate.swift */,
				C3C243D31F34A75C000A9CC8 /* MapViewController.swift */,
				C3C243D51F34A75C000A9CC8 /* SecondViewController.swift */,
				C3C243D71F34A75C000A9CC8 /* Main.storyboard */,
				C3C243DA1F34A75C000A9CC8 /* Assets.xcassets */,
				C3C243DC1F34A75C000A9CC8 /* LaunchScreen.storyboard */,
				C3C243DF1F34A75C000A9CC8 /* Info.plist */,
			);
			path = Navio;
			sourceTree = "<group>";
		};
		C3C243E71F34A75C000A9CC8 /* NavioTests */ = {
			isa = PBXGroup;
			children = (
				C3C243E81F34A75C000A9CC8 /* NavioTests.swift */,
				C3C243EA1F34A75C000A9CC8 /* Info.plist */,
			);
			path = NavioTests;
			sourceTree = "<group>";
		};
		C3C243F21F34A75C000A9CC8 /* NavioUITests */ = {
			isa = PBXGroup;
			children = (
				C3C243F31F34A75C000A9CC8 /* NavioUITests.swift */,
				C3C243F51F34A75C000A9CC8 /* Info.plist */,
			);
			path = NavioUITests;
			sourceTree = "<group>";
		};
		C3C244011F34A901000A9CC8 /* Frameworks */ = {
			isa = PBXGroup;
			children = (
				C3702AC21F74C03700E9FBAB /* Mapbox.framework */,
			);
			name = Frameworks;
			sourceTree = "<group>";
		};
/* End PBXGroup section */

/* Begin PBXNativeTarget section */
		C3C243CD1F34A75C000A9CC8 /* Navio */ = {
			isa = PBXNativeTarget;
			buildConfigurationList = C3C243F81F34A75C000A9CC8 /* Build configuration list for PBXNativeTarget "Navio" */;
			buildPhases = (
				C3C243CA1F34A75C000A9CC8 /* Sources */,
				C3C243CB1F34A75C000A9CC8 /* Frameworks */,
				C3C243CC1F34A75C000A9CC8 /* Resources */,
				C3702ACA1F74C0C900E9FBAB /* Embed Frameworks */,
				C3702ACB1F74C11100E9FBAB /* ShellScript */,
			);
			buildRules = (
			);
			dependencies = (
			);
			name = Navio;
			productName = Navio;
			productReference = C3C243CE1F34A75C000A9CC8 /* Navio.app */;
			productType = "com.apple.product-type.application";
		};
		C3C243E31F34A75C000A9CC8 /* NavioTests */ = {
			isa = PBXNativeTarget;
			buildConfigurationList = C3C243FB1F34A75C000A9CC8 /* Build configuration list for PBXNativeTarget "NavioTests" */;
			buildPhases = (
				C3C243E01F34A75C000A9CC8 /* Sources */,
				C3C243E11F34A75C000A9CC8 /* Frameworks */,
				C3C243E21F34A75C000A9CC8 /* Resources */,
			);
			buildRules = (
			);
			dependencies = (
				C3C243E61F34A75C000A9CC8 /* PBXTargetDependency */,
			);
			name = NavioTests;
			productName = NavioTests;
			productReference = C3C243E41F34A75C000A9CC8 /* NavioTests.xctest */;
			productType = "com.apple.product-type.bundle.unit-test";
		};
		C3C243EE1F34A75C000A9CC8 /* NavioUITests */ = {
			isa = PBXNativeTarget;
			buildConfigurationList = C3C243FE1F34A75C000A9CC8 /* Build configuration list for PBXNativeTarget "NavioUITests" */;
			buildPhases = (
				C3C243EB1F34A75C000A9CC8 /* Sources */,
				C3C243EC1F34A75C000A9CC8 /* Frameworks */,
				C3C243ED1F34A75C000A9CC8 /* Resources */,
			);
			buildRules = (
			);
			dependencies = (
				C3C243F11F34A75C000A9CC8 /* PBXTargetDependency */,
			);
			name = NavioUITests;
			productName = NavioUITests;
			productReference = C3C243EF1F34A75C000A9CC8 /* NavioUITests.xctest */;
			productType = "com.apple.product-type.bundle.ui-testing";
		};
/* End PBXNativeTarget section */

/* Begin PBXProject section */
		C3C243C61F34A75C000A9CC8 /* Project object */ = {
			isa = PBXProject;
			attributes = {
				LastSwiftUpdateCheck = 0830;
				LastUpgradeCheck = 0900;
				ORGANIZATIONNAME = "navio tech team";
				TargetAttributes = {
					C3C243CD1F34A75C000A9CC8 = {
						CreatedOnToolsVersion = 8.3.3;
						DevelopmentTeam = 3KENS3YSE9;
						LastSwiftMigration = 0900;
						ProvisioningStyle = Automatic;
						SystemCapabilities = {
							com.apple.Maps.iOS = {
								enabled = 0;
							};
						};
					};
					C3C243E31F34A75C000A9CC8 = {
						CreatedOnToolsVersion = 8.3.3;
						DevelopmentTeam = 3KENS3YSE9;
						LastSwiftMigration = 0900;
						ProvisioningStyle = Automatic;
						TestTargetID = C3C243CD1F34A75C000A9CC8;
					};
					C3C243EE1F34A75C000A9CC8 = {
						CreatedOnToolsVersion = 8.3.3;
						DevelopmentTeam = 3KENS3YSE9;
						LastSwiftMigration = 0900;
						ProvisioningStyle = Automatic;
						TestTargetID = C3C243CD1F34A75C000A9CC8;
					};
				};
			};
			buildConfigurationList = C3C243C91F34A75C000A9CC8 /* Build configuration list for PBXProject "Navio" */;
			compatibilityVersion = "Xcode 3.2";
			developmentRegion = English;
			hasScannedForEncodings = 0;
			knownRegions = (
				en,
				Base,
			);
			mainGroup = C3C243C51F34A75C000A9CC8;
			productRefGroup = C3C243CF1F34A75C000A9CC8 /* Products */;
			projectDirPath = "";
			projectRoot = "";
			targets = (
				C3C243CD1F34A75C000A9CC8 /* Navio */,
				C3C243E31F34A75C000A9CC8 /* NavioTests */,
				C3C243EE1F34A75C000A9CC8 /* NavioUITests */,
			);
		};
/* End PBXProject section */

/* Begin PBXResourcesBuildPhase section */
		C3C243CC1F34A75C000A9CC8 /* Resources */ = {
			isa = PBXResourcesBuildPhase;
			buildActionMask = 2147483647;
			files = (
				C3C243DE1F34A75C000A9CC8 /* LaunchScreen.storyboard in Resources */,
				C3C243DB1F34A75C000A9CC8 /* Assets.xcassets in Resources */,
				C3702ACD1F74C7A600E9FBAB /* navioRasterV8.json in Resources */,
				C3C243D91F34A75C000A9CC8 /* Main.storyboard in Resources */,
			);
			runOnlyForDeploymentPostprocessing = 0;
		};
		C3C243E21F34A75C000A9CC8 /* Resources */ = {
			isa = PBXResourcesBuildPhase;
			buildActionMask = 2147483647;
			files = (
			);
			runOnlyForDeploymentPostprocessing = 0;
		};
		C3C243ED1F34A75C000A9CC8 /* Resources */ = {
			isa = PBXResourcesBuildPhase;
			buildActionMask = 2147483647;
			files = (
			);
			runOnlyForDeploymentPostprocessing = 0;
		};
/* End PBXResourcesBuildPhase section */

/* Begin PBXShellScriptBuildPhase section */
		C3702ACB1F74C11100E9FBAB /* ShellScript */ = {
			isa = PBXShellScriptBuildPhase;
			buildActionMask = 2147483647;
			files = (
			);
			inputPaths = (
			);
			outputPaths = (
			);
			runOnlyForDeploymentPostprocessing = 0;
			shellPath = /bin/sh;
			shellScript = "bash \"${BUILT_PRODUCTS_DIR}/${FRAMEWORKS_FOLDER_PATH}/Mapbox.framework/strip-frameworks.sh\"";
		};
/* End PBXShellScriptBuildPhase section */

/* Begin PBXSourcesBuildPhase section */
		C3C243CA1F34A75C000A9CC8 /* Sources */ = {
			isa = PBXSourcesBuildPhase;
			buildActionMask = 2147483647;
			files = (
				C3C243D61F34A75C000A9CC8 /* SecondViewController.swift in Sources */,
				C3C243D21F34A75C000A9CC8 /* AppDelegate.swift in Sources */,
				C3C243D41F34A75C000A9CC8 /* MapViewController.swift in Sources */,
			);
			runOnlyForDeploymentPostprocessing = 0;
		};
		C3C243E01F34A75C000A9CC8 /* Sources */ = {
			isa = PBXSourcesBuildPhase;
			buildActionMask = 2147483647;
			files = (
				C3C243E91F34A75C000A9CC8 /* NavioTests.swift in Sources */,
			);
			runOnlyForDeploymentPostprocessing = 0;
		};
		C3C243EB1F34A75C000A9CC8 /* Sources */ = {
			isa = PBXSourcesBuildPhase;
			buildActionMask = 2147483647;
			files = (
				C3C243F41F34A75C000A9CC8 /* NavioUITests.swift in Sources */,
			);
			runOnlyForDeploymentPostprocessing = 0;
		};
/* End PBXSourcesBuildPhase section */

/* Begin PBXTargetDependency section */
		C3C243E61F34A75C000A9CC8 /* PBXTargetDependency */ = {
			isa = PBXTargetDependency;
			target = C3C243CD1F34A75C000A9CC8 /* Navio */;
			targetProxy = C3C243E51F34A75C000A9CC8 /* PBXContainerItemProxy */;
		};
		C3C243F11F34A75C000A9CC8 /* PBXTargetDependency */ = {
			isa = PBXTargetDependency;
			target = C3C243CD1F34A75C000A9CC8 /* Navio */;
			targetProxy = C3C243F01F34A75C000A9CC8 /* PBXContainerItemProxy */;
		};
/* End PBXTargetDependency section */

/* Begin PBXVariantGroup section */
		C3C243D71F34A75C000A9CC8 /* Main.storyboard */ = {
			isa = PBXVariantGroup;
			children = (
				C3C243D81F34A75C000A9CC8 /* Base */,
			);
			name = Main.storyboard;
			sourceTree = "<group>";
		};
		C3C243DC1F34A75C000A9CC8 /* LaunchScreen.storyboard */ = {
			isa = PBXVariantGroup;
			children = (
				C3C243DD1F34A75C000A9CC8 /* Base */,
			);
			name = LaunchScreen.storyboard;
			sourceTree = "<group>";
		};
/* End PBXVariantGroup section */

/* Begin XCBuildConfiguration section */
		C3C243F61F34A75C000A9CC8 /* Debug */ = {
			isa = XCBuildConfiguration;
			buildSettings = {
				ALWAYS_SEARCH_USER_PATHS = NO;
				CLANG_ANALYZER_NONNULL = YES;
				CLANG_ANALYZER_NUMBER_OBJECT_CONVERSION = YES_AGGRESSIVE;
				CLANG_CXX_LANGUAGE_STANDARD = "gnu++0x";
				CLANG_CXX_LIBRARY = "libc++";
				CLANG_ENABLE_MODULES = YES;
				CLANG_ENABLE_OBJC_ARC = YES;
				CLANG_WARN_BLOCK_CAPTURE_AUTORELEASING = YES;
				CLANG_WARN_BOOL_CONVERSION = YES;
				CLANG_WARN_COMMA = YES;
				CLANG_WARN_CONSTANT_CONVERSION = YES;
				CLANG_WARN_DIRECT_OBJC_ISA_USAGE = YES_ERROR;
				CLANG_WARN_DOCUMENTATION_COMMENTS = YES;
				CLANG_WARN_EMPTY_BODY = YES;
				CLANG_WARN_ENUM_CONVERSION = YES;
				CLANG_WARN_INFINITE_RECURSION = YES;
				CLANG_WARN_INT_CONVERSION = YES;
				CLANG_WARN_NON_LITERAL_NULL_CONVERSION = YES;
				CLANG_WARN_OBJC_LITERAL_CONVERSION = YES;
				CLANG_WARN_OBJC_ROOT_CLASS = YES_ERROR;
				CLANG_WARN_RANGE_LOOP_ANALYSIS = YES;
				CLANG_WARN_STRICT_PROTOTYPES = YES;
				CLANG_WARN_SUSPICIOUS_MOVE = YES;
				CLANG_WARN_UNREACHABLE_CODE = YES;
				CLANG_WARN__DUPLICATE_METHOD_MATCH = YES;
				"CODE_SIGN_IDENTITY[sdk=iphoneos*]" = "iPhone Developer";
				COPY_PHASE_STRIP = NO;
				DEBUG_INFORMATION_FORMAT = dwarf;
				ENABLE_STRICT_OBJC_MSGSEND = YES;
				ENABLE_TESTABILITY = YES;
				GCC_C_LANGUAGE_STANDARD = gnu99;
				GCC_DYNAMIC_NO_PIC = NO;
				GCC_NO_COMMON_BLOCKS = YES;
				GCC_OPTIMIZATION_LEVEL = 0;
				GCC_PREPROCESSOR_DEFINITIONS = (
					"DEBUG=1",
					"$(inherited)",
				);
				GCC_WARN_64_TO_32_BIT_CONVERSION = YES;
				GCC_WARN_ABOUT_RETURN_TYPE = YES_ERROR;
				GCC_WARN_UNDECLARED_SELECTOR = YES;
				GCC_WARN_UNINITIALIZED_AUTOS = YES_AGGRESSIVE;
				GCC_WARN_UNUSED_FUNCTION = YES;
				GCC_WARN_UNUSED_VARIABLE = YES;
				IPHONEOS_DEPLOYMENT_TARGET = 11.0;
				MTL_ENABLE_DEBUG_INFO = YES;
				ONLY_ACTIVE_ARCH = YES;
				SDKROOT = iphoneos;
				SWIFT_ACTIVE_COMPILATION_CONDITIONS = DEBUG;
				SWIFT_OPTIMIZATION_LEVEL = "-Onone";
			};
			name = Debug;
		};
		C3C243F71F34A75C000A9CC8 /* Release */ = {
			isa = XCBuildConfiguration;
			buildSettings = {
				ALWAYS_SEARCH_USER_PATHS = NO;
				CLANG_ANALYZER_NONNULL = YES;
				CLANG_ANALYZER_NUMBER_OBJECT_CONVERSION = YES_AGGRESSIVE;
				CLANG_CXX_LANGUAGE_STANDARD = "gnu++0x";
				CLANG_CXX_LIBRARY = "libc++";
				CLANG_ENABLE_MODULES = YES;
				CLANG_ENABLE_OBJC_ARC = YES;
				CLANG_WARN_BLOCK_CAPTURE_AUTORELEASING = YES;
				CLANG_WARN_BOOL_CONVERSION = YES;
				CLANG_WARN_COMMA = YES;
				CLANG_WARN_CONSTANT_CONVERSION = YES;
				CLANG_WARN_DIRECT_OBJC_ISA_USAGE = YES_ERROR;
				CLANG_WARN_DOCUMENTATION_COMMENTS = YES;
				CLANG_WARN_EMPTY_BODY = YES;
				CLANG_WARN_ENUM_CONVERSION = YES;
				CLANG_WARN_INFINITE_RECURSION = YES;
				CLANG_WARN_INT_CONVERSION = YES;
				CLANG_WARN_NON_LITERAL_NULL_CONVERSION = YES;
				CLANG_WARN_OBJC_LITERAL_CONVERSION = YES;
				CLANG_WARN_OBJC_ROOT_CLASS = YES_ERROR;
				CLANG_WARN_RANGE_LOOP_ANALYSIS = YES;
				CLANG_WARN_STRICT_PROTOTYPES = YES;
				CLANG_WARN_SUSPICIOUS_MOVE = YES;
				CLANG_WARN_UNREACHABLE_CODE = YES;
				CLANG_WARN__DUPLICATE_METHOD_MATCH = YES;
				"CODE_SIGN_IDENTITY[sdk=iphoneos*]" = "iPhone Developer";
				COPY_PHASE_STRIP = NO;
				DEBUG_INFORMATION_FORMAT = "dwarf-with-dsym";
				ENABLE_NS_ASSERTIONS = NO;
				ENABLE_STRICT_OBJC_MSGSEND = YES;
				GCC_C_LANGUAGE_STANDARD = gnu99;
				GCC_NO_COMMON_BLOCKS = YES;
				GCC_WARN_64_TO_32_BIT_CONVERSION = YES;
				GCC_WARN_ABOUT_RETURN_TYPE = YES_ERROR;
				GCC_WARN_UNDECLARED_SELECTOR = YES;
				GCC_WARN_UNINITIALIZED_AUTOS = YES_AGGRESSIVE;
				GCC_WARN_UNUSED_FUNCTION = YES;
				GCC_WARN_UNUSED_VARIABLE = YES;
				IPHONEOS_DEPLOYMENT_TARGET = 11.0;
				MTL_ENABLE_DEBUG_INFO = NO;
				SDKROOT = iphoneos;
				SWIFT_OPTIMIZATION_LEVEL = "-Owholemodule";
				VALIDATE_PRODUCT = YES;
			};
			name = Release;
		};
		C3C243F91F34A75C000A9CC8 /* Debug */ = {
			isa = XCBuildConfiguration;
			buildSettings = {
				ASSETCATALOG_COMPILER_APPICON_NAME = AppIcon;
				DEVELOPMENT_TEAM = 3KENS3YSE9;
				FRAMEWORK_SEARCH_PATHS = (
					"$(inherited)",
					"$(PROJECT_DIR)",
				);
				INFOPLIST_FILE = Navio/Info.plist;
				IPHONEOS_DEPLOYMENT_TARGET = 11.0;
				LD_RUNPATH_SEARCH_PATHS = "$(inherited) @executable_path/Frameworks";
				PRODUCT_BUNDLE_IDENTIFIER = biz.navio.ios;
				PRODUCT_NAME = "$(TARGET_NAME)";
				SWIFT_SWIFT3_OBJC_INFERENCE = On;
				SWIFT_VERSION = 4.0;
			};
			name = Debug;
		};
		C3C243FA1F34A75C000A9CC8 /* Release */ = {
			isa = XCBuildConfiguration;
			buildSettings = {
				ASSETCATALOG_COMPILER_APPICON_NAME = AppIcon;
				DEVELOPMENT_TEAM = 3KENS3YSE9;
				FRAMEWORK_SEARCH_PATHS = (
					"$(inherited)",
					"$(PROJECT_DIR)",
				);
				INFOPLIST_FILE = Navio/Info.plist;
				IPHONEOS_DEPLOYMENT_TARGET = 11.0;
				LD_RUNPATH_SEARCH_PATHS = "$(inherited) @executable_path/Frameworks";
				PRODUCT_BUNDLE_IDENTIFIER = biz.navio.ios;
				PRODUCT_NAME = "$(TARGET_NAME)";
				SWIFT_SWIFT3_OBJC_INFERENCE = On;
				SWIFT_VERSION = 4.0;
			};
			name = Release;
		};
		C3C243FC1F34A75C000A9CC8 /* Debug */ = {
			isa = XCBuildConfiguration;
			buildSettings = {
				ALWAYS_EMBED_SWIFT_STANDARD_LIBRARIES = YES;
				BUNDLE_LOADER = "$(TEST_HOST)";
				DEVELOPMENT_TEAM = 3KENS3YSE9;
				INFOPLIST_FILE = NavioTests/Info.plist;
				LD_RUNPATH_SEARCH_PATHS = "$(inherited) @executable_path/Frameworks @loader_path/Frameworks";
				PRODUCT_BUNDLE_IDENTIFIER = biz.navio.NavioTests;
				PRODUCT_NAME = "$(TARGET_NAME)";
				SWIFT_SWIFT3_OBJC_INFERENCE = On;
				SWIFT_VERSION = 4.0;
				TEST_HOST = "$(BUILT_PRODUCTS_DIR)/Navio.app/Navio";
			};
			name = Debug;
		};
		C3C243FD1F34A75C000A9CC8 /* Release */ = {
			isa = XCBuildConfiguration;
			buildSettings = {
				ALWAYS_EMBED_SWIFT_STANDARD_LIBRARIES = YES;
				BUNDLE_LOADER = "$(TEST_HOST)";
				DEVELOPMENT_TEAM = 3KENS3YSE9;
				INFOPLIST_FILE = NavioTests/Info.plist;
				LD_RUNPATH_SEARCH_PATHS = "$(inherited) @executable_path/Frameworks @loader_path/Frameworks";
				PRODUCT_BUNDLE_IDENTIFIER = biz.navio.NavioTests;
				PRODUCT_NAME = "$(TARGET_NAME)";
				SWIFT_SWIFT3_OBJC_INFERENCE = On;
				SWIFT_VERSION = 4.0;
				TEST_HOST = "$(BUILT_PRODUCTS_DIR)/Navio.app/Navio";
			};
			name = Release;
		};
		C3C243FF1F34A75C000A9CC8 /* Debug */ = {
			isa = XCBuildConfiguration;
			buildSettings = {
				ALWAYS_EMBED_SWIFT_STANDARD_LIBRARIES = YES;
				DEVELOPMENT_TEAM = 3KENS3YSE9;
				INFOPLIST_FILE = NavioUITests/Info.plist;
				LD_RUNPATH_SEARCH_PATHS = "$(inherited) @executable_path/Frameworks @loader_path/Frameworks";
				PRODUCT_BUNDLE_IDENTIFIER = biz.navio.NavioUITests;
				PRODUCT_NAME = "$(TARGET_NAME)";
				SWIFT_SWIFT3_OBJC_INFERENCE = On;
				SWIFT_VERSION = 4.0;
				TEST_TARGET_NAME = Navio;
			};
			name = Debug;
		};
		C3C244001F34A75C000A9CC8 /* Release */ = {
			isa = XCBuildConfiguration;
			buildSettings = {
				ALWAYS_EMBED_SWIFT_STANDARD_LIBRARIES = YES;
				DEVELOPMENT_TEAM = 3KENS3YSE9;
				INFOPLIST_FILE = NavioUITests/Info.plist;
				LD_RUNPATH_SEARCH_PATHS = "$(inherited) @executable_path/Frameworks @loader_path/Frameworks";
				PRODUCT_BUNDLE_IDENTIFIER = biz.navio.NavioUITests;
				PRODUCT_NAME = "$(TARGET_NAME)";
				SWIFT_SWIFT3_OBJC_INFERENCE = On;
				SWIFT_VERSION = 4.0;
				TEST_TARGET_NAME = Navio;
			};
			name = Release;
		};
/* End XCBuildConfiguration section */

/* Begin XCConfigurationList section */
		C3C243C91F34A75C000A9CC8 /* Build configuration list for PBXProject "Navio" */ = {
			isa = XCConfigurationList;
			buildConfigurations = (
				C3C243F61F34A75C000A9CC8 /* Debug */,
				C3C243F71F34A75C000A9CC8 /* Release */,
			);
			defaultConfigurationIsVisible = 0;
			defaultConfigurationName = Release;
		};
		C3C243F81F34A75C000A9CC8 /* Build configuration list for PBXNativeTarget "Navio" */ = {
			isa = XCConfigurationList;
			buildConfigurations = (
				C3C243F91F34A75C000A9CC8 /* Debug */,
				C3C243FA1F34A75C000A9CC8 /* Release */,
			);
			defaultConfigurationIsVisible = 0;
			defaultConfigurationName = Release;
		};
		C3C243FB1F34A75C000A9CC8 /* Build configuration list for PBXNativeTarget "NavioTests" */ = {
			isa = XCConfigurationList;
			buildConfigurations = (
				C3C243FC1F34A75C000A9CC8 /* Debug */,
				C3C243FD1F34A75C000A9CC8 /* Release */,
			);
			defaultConfigurationIsVisible = 0;
			defaultConfigurationName = Release;
		};
		C3C243FE1F34A75C000A9CC8 /* Build configuration list for PBXNativeTarget "NavioUITests" */ = {
			isa = XCConfigurationList;
			buildConfigurations = (
				C3C243FF1F34A75C000A9CC8 /* Debug */,
				C3C244001F34A75C000A9CC8 /* Release */,
			);
			defaultConfigurationIsVisible = 0;
			defaultConfigurationName = Release;
		};
/* End XCConfigurationList section */
	};
	rootObject = C3C243C61F34A75C000A9CC8 /* Project object */;
}
